
Microsoft Visual Studio Solution File, Format Version 12.00
# Visual Studio 15
VisualStudioVersion = 15.0.27705.2000
MinimumVisualStudioVersion = 10.0.40219.1
Project("{FAE04EC0-301F-11D3-BF4B-00C04F79EFBC}") = "OAuthProviders", "OAuthProviders\OAuthProviders.csproj", "{BC37249A-B083-45CB-80A9-DAEE4F5E2AB6}"
EndProject
Global
	GlobalSection(SolutionConfigurationPlatforms) = preSolution
		Debug|Any CPU = Debug|Any CPU
		Release|Any CPU = Release|Any CPU
	EndGlobalSection
	GlobalSection(ProjectConfigurationPlatforms) = postSolution
		{BC37249A-B083-45CB-80A9-DAEE4F5E2AB6}.Debug|Any CPU.ActiveCfg = Debug|Any CPU
		{BC37249A-B083-45CB-80A9-DAEE4F5E2AB6}.Debug|Any CPU.Build.0 = Debug|Any CPU
		{BC37249A-B083-45CB-80A9-DAEE4F5E2AB6}.Release|Any CPU.ActiveCfg = Release|Any CPU
		{BC37249A-B083-45CB-80A9-DAEE4F5E2AB6}.Release|Any CPU.Build.0 = Release|Any CPU
	EndGlobalSection
	GlobalSection(SolutionProperties) = preSolution
		HideSolutionNode = FALSE
	EndGlobalSection
	GlobalSection(ExtensibilityGlobals) = postSolution
		SolutionGuid = {1140E642-4A3C-4F54-8FAA-64ACC76A08B1}
	EndGlobalSection
EndGlobal
